// !$*UTF8*$!
{
	archiveVersion = 1;
	classes = {
	};
	objectVersion = 46;
	objects = {

/* Begin PBXBuildFile section */
		A2887E561EA4723F00E225D7 /* AppDelegate.swift in Sources */ = {isa = PBXBuildFile; fileRef = A2887E551EA4723F00E225D7 /* AppDelegate.swift */; };
		A2887E581EA4723F00E225D7 /* ViewController.swift in Sources */ = {isa = PBXBuildFile; fileRef = A2887E571EA4723F00E225D7 /* ViewController.swift */; };
		A2887E5B1EA4723F00E225D7 /* Main.storyboard in Resources */ = {isa = PBXBuildFile; fileRef = A2887E591EA4723F00E225D7 /* Main.storyboard */; };
		A2887E5D1EA4723F00E225D7 /* Assets.xcassets in Resources */ = {isa = PBXBuildFile; fileRef = A2887E5C1EA4723F00E225D7 /* Assets.xcassets */; };
		A2887E601EA4723F00E225D7 /* LaunchScreen.storyboard in Resources */ = {isa = PBXBuildFile; fileRef = A2887E5E1EA4723F00E225D7 /* LaunchScreen.storyboard */; };
/* End PBXBuildFile section */

/* Begin PBXFileReference section */
		A2887E521EA4723F00E225D7 /* image-picker.app */ = {isa = PBXFileReference; explicitFileType = wrapper.application; includeInIndex = 0; path = "image-picker.app"; sourceTree = BUILT_PRODUCTS_DIR; };
		A2887E551EA4723F00E225D7 /* AppDelegate.swift */ = {isa = PBXFileReference; lastKnownFileType = sourcecode.swift; path = AppDelegate.swift; sourceTree = "<group>"; };
		A2887E571EA4723F00E225D7 /* ViewController.swift */ = {isa = PBXFileReference; lastKnownFileType = sourcecode.swift; path = ViewController.swift; sourceTree = "<group>"; };
		A2887E5A1EA4723F00E225D7 /* Base */ = {isa = PBXFileReference; lastKnownFileType = file.storyboard; name = Base; path = Base.lproj/Main.storyboard; sourceTree = "<group>"; };
		A2887E5C1EA4723F00E225D7 /* Assets.xcassets */ = {isa = PBXFileReference; lastKnownFileType = folder.assetcatalog; path = Assets.xcassets; sourceTree = "<group>"; };
		A2887E5F1EA4723F00E225D7 /* Base */ = {isa = PBXFileReference; lastKnownFileType = file.storyboard; name = Base; path = Base.lproj/LaunchScreen.storyboard; sourceTree = "<group>"; };
		A2887E611EA4723F00E225D7 /* Info.plist */ = {isa = PBXFileReference; lastKnownFileType = text.plist.xml; path = Info.plist; sourceTree = "<group>"; };
/* End PBXFileReference section */

/* Begin PBXFrameworksBuildPhase section */
		A2887E4F1EA4723F00E225D7 /* Frameworks */ = {
			isa = PBXFrameworksBuildPhase;
			buildActionMask = 2147483647;
			files = (
			);
			runOnlyForDeploymentPostprocessing = 0;
		};
/* End PBXFrameworksBuildPhase section */

/* Begin PBXGroup section */
		A2887E491EA4723F00E225D7 = {
			isa = PBXGroup;
			children = (
				A2887E541EA4723F00E225D7 /* image-picker */,
				A2887E531EA4723F00E225D7 /* Products */,
			);
			indentWidth = 2;
			sourceTree = "<group>";
			tabWidth = 2;
		};
		A2887E531EA4723F00E225D7 /* Products */ = {
			isa = PBXGroup;
			children = (
				A2887E521EA4723F00E225D7 /* image-picker.app */,
			);
			name = Products;
			sourceTree = "<group>";
		};
		A2887E541EA4723F00E225D7 /* image-picker */ = {
			isa = PBXGroup;
			children = (
				A2887E551EA4723F00E225D7 /* AppDelegate.swift */,
				A2887E571EA4723F00E225D7 /* ViewController.swift */,
				A2887E591EA4723F00E225D7 /* Main.storyboard */,
				A2887E5C1EA4723F00E225D7 /* Assets.xcassets */,
				A2887E5E1EA4723F00E225D7 /* LaunchScreen.storyboard */,
				A2887E611EA4723F00E225D7 /* Info.plist */,
			);
			path = "image-picker";
			sourceTree = "<group>";
		};
/* End PBXGroup section */

/* Begin PBXNativeTarget section */
		A2887E511EA4723F00E225D7 /* image-picker */ = {
			isa = PBXNativeTarget;
			buildConfigurationList = A2887E641EA4723F00E225D7 /* Build configuration list for PBXNativeTarget "image-picker" */;
			buildPhases = (
				A2887E4E1EA4723F00E225D7 /* Sources */,
				A2887E4F1EA4723F00E225D7 /* Frameworks */,
				A2887E501EA4723F00E225D7 /* Resources */,
			);
			buildRules = (
			);
			dependencies = (
			);
			name = "image-picker";
			productName = "image-picker";
			productReference = A2887E521EA4723F00E225D7 /* image-picker.app */;
			productType = "com.apple.product-type.application";
		};
/* End PBXNativeTarget section */

/* Begin PBXProject section */
		A2887E4A1EA4723F00E225D7 /* Project object */ = {
			isa = PBXProject;
			attributes = {
				LastSwiftUpdateCheck = 0830;
				LastUpgradeCheck = 0830;
				ORGANIZATIONNAME = "Aqib Shah";
				TargetAttributes = {
					A2887E511EA4723F00E225D7 = {
						CreatedOnToolsVersion = 8.3.1;
						ProvisioningStyle = Automatic;
					};
				};
			};
			buildConfigurationList = A2887E4D1EA4723F00E225D7 /* Build configuration list for PBXProject "image-picker" */;
			compatibilityVersion = "Xcode 3.2";
			developmentRegion = English;
			hasScannedForEncodings = 0;
			knownRegions = (
				en,
				Base,
			);
			mainGroup = A2887E491EA4723F00E225D7;
			productRefGroup = A2887E531EA4723F00E225D7 /* Products */;
			projectDirPath = "";
			projectRoot = "";
			targets = (
				A2887E511EA4723F00E225D7 /* image-picker */,
			);
		};
/* End PBXProject section */

/* Begin PBXResourcesBuildPhase section */
		A2887E501EA4723F00E225D7 /* Resources */ = {
			isa = PBXResourcesBuildPhase;
			buildActionMask = 2147483647;
			files = (
				A2887E601EA4723F00E225D7 /* LaunchScreen.storyboard in Resources */,
				A2887E5D1EA4723F00E225D7 /* Assets.xcassets in Resources */,
				A2887E5B1EA4723F00E225D7 /* Main.storyboard in Resources */,
			);
			runOnlyForDeploymentPostprocessing = 0;
		};
/* End PBXResourcesBuildPhase section */

/* Begin PBXSourcesBuildPhase section */
		A2887E4E1EA4723F00E225D7 /* Sources */ = {
			isa = PBXSourcesBuildPhase;
			buildActionMask = 2147483647;
			files = (
				A2887E581EA4723F00E225D7 /* ViewController.swift in Sources */,
				A2887E561EA4723F00E225D7 /* AppDelegate.swift in Sources */,
			);
			runOnlyForDeploymentPostprocessing = 0;
		};
/* End PBXSourcesBuildPhase section */

/* Begin PBXVariantGroup section */
		A2887E591EA4723F00E225D7 /* Main.storyboard */ = {
			isa = PBXVariantGroup;
			children = (
				A2887E5A1EA4723F00E225D7 /* Base */,
			);
			name = Main.storyboard;
			sourceTree = "<group>";
		};
		A2887E5E1EA4723F00E225D7 /* LaunchScreen.storyboard */ = {
			isa = PBXVariantGroup;
			children = (
				A2887E5F1EA4723F00E225D7 /* Base */,
			);
			name = LaunchScreen.storyboard;
			sourceTree = "<group>";
		};
/* End PBXVariantGroup section */

/* Begin XCBuildConfiguration section */
		A2887E621EA4723F00E225D7 /* Debug */ = {
			isa = XCBuildConfiguration;
			buildSettings = {
				ALWAYS_SEARCH_USER_PATHS = NO;
				CLANG_ANALYZER_NONNULL = YES;
				CLANG_ANALYZER_NUMBER_OBJECT_CONVERSION = YES_AGGRESSIVE;
				CLANG_CXX_LANGUAGE_STANDARD = "gnu++0x";
				CLANG_CXX_LIBRARY = "libc++";
				CLANG_ENABLE_MODULES = YES;
				CLANG_ENABLE_OBJC_ARC = YES;
				CLANG_WARN_BOOL_CONVERSION = YES;
				CLANG_WARN_CONSTANT_CONVERSION = YES;
				CLANG_WARN_DIRECT_OBJC_ISA_USAGE = YES_ERROR;
				CLANG_WARN_DOCUMENTATION_COMMENTS = YES;
				CLANG_WARN_EMPTY_BODY = YES;
				CLANG_WARN_ENUM_CONVERSION = YES;
				CLANG_WARN_INFINITE_RECURSION = YES;
				CLANG_WARN_INT_CONVERSION = YES;
				CLANG_WARN_OBJC_ROOT_CLASS = YES_ERROR;
				CLANG_WARN_SUSPICIOUS_MOVE = YES;
				CLANG_WARN_UNREACHABLE_CODE = YES;
				CLANG_WARN__DUPLICATE_METHOD_MATCH = YES;
				"CODE_SIGN_IDENTITY[sdk=iphoneos*]" = "iPhone Developer";
				COPY_PHASE_STRIP = NO;
				DEBUG_INFORMATION_FORMAT = dwarf;
				ENABLE_STRICT_OBJC_MSGSEND = YES;
				ENABLE_TESTABILITY = YES;
				GCC_C_LANGUAGE_STANDARD = gnu99;
				GCC_DYNAMIC_NO_PIC = NO;
				GCC_NO_COMMON_BLOCKS = YES;
				GCC_OPTIMIZATION_LEVEL = 0;
				GCC_PREPROCESSOR_DEFINITIONS = (
					"DEBUG=1",
					"$(inherited)",
				);
				GCC_WARN_64_TO_32_BIT_CONVERSION = YES;
				GCC_WARN_ABOUT_RETURN_TYPE = YES_ERROR;
				GCC_WARN_UNDECLARED_SELECTOR = YES;
				GCC_WARN_UNINITIALIZED_AUTOS = YES_AGGRESSIVE;
				GCC_WARN_UNUSED_FUNCTION = YES;
				GCC_WARN_UNUSED_VARIABLE = YES;
				IPHONEOS_DEPLOYMENT_TARGET = 10.3;
				MTL_ENABLE_DEBUG_INFO = YES;
				ONLY_ACTIVE_ARCH = YES;
				SDKROOT = iphoneos;
				SWIFT_ACTIVE_COMPILATION_CONDITIONS = DEBUG;
				SWIFT_OPTIMIZATION_LEVEL = "-Onone";
				TARGETED_DEVICE_FAMILY = "1,2";
			};
			name = Debug;
		};
		A2887E631EA4723F00E225D7 /* Release */ = {
			isa = XCBuildConfiguration;
			buildSettings = {
				ALWAYS_SEARCH_USER_PATHS = NO;
				CLANG_ANALYZER_NONNULL = YES;
				CLANG_ANALYZER_NUMBER_OBJECT_CONVERSION = YES_AGGRESSIVE;
				CLANG_CXX_LANGUAGE_STANDARD = "gnu++0x";
				CLANG_CXX_LIBRARY = "libc++";
				CLANG_ENABLE_MODULES = YES;
				CLANG_ENABLE_OBJC_ARC = YES;
				CLANG_WARN_BOOL_CONVERSION = YES;
				CLANG_WARN_CONSTANT_CONVERSION = YES;
				CLANG_WARN_DIRECT_OBJC_ISA_USAGE = YES_ERROR;
				CLANG_WARN_DOCUMENTATION_COMMENTS = YES;
				CLANG_WARN_EMPTY_BODY = YES;
				CLANG_WARN_ENUM_CONVERSION = YES;
				CLANG_WARN_INFINITE_RECURSION = YES;
				CLANG_WARN_INT_CONVERSION = YES;
				CLANG_WARN_OBJC_ROOT_CLASS = YES_ERROR;
				CLANG_WARN_SUSPICIOUS_MOVE = YES;
				CLANG_WARN_UNREACHABLE_CODE = YES;
				CLANG_WARN__DUPLICATE_METHOD_MATCH = YES;
				"CODE_SIGN_IDENTITY[sdk=iphoneos*]" = "iPhone Developer";
				COPY_PHASE_STRIP = NO;
				DEBUG_INFORMATION_FORMAT = "dwarf-with-dsym";
				ENABLE_NS_ASSERTIONS = NO;
				ENABLE_STRICT_OBJC_MSGSEND = YES;
				GCC_C_LANGUAGE_STANDARD = gnu99;
				GCC_NO_COMMON_BLOCKS = YES;
				GCC_WARN_64_TO_32_BIT_CONVERSION = YES;
				GCC_WARN_ABOUT_RETURN_TYPE = YES_ERROR;
				GCC_WARN_UNDECLARED_SELECTOR = YES;
				GCC_WARN_UNINITIALIZED_AUTOS = YES_AGGRESSIVE;
				GCC_WARN_UNUSED_FUNCTION = YES;
				GCC_WARN_UNUSED_VARIABLE = YES;
				IPHONEOS_DEPLOYMENT_TARGET = 10.3;
				MTL_ENABLE_DEBUG_INFO = NO;
				SDKROOT = iphoneos;
				SWIFT_OPTIMIZATION_LEVEL = "-Owholemodule";
				TARGETED_DEVICE_FAMILY = "1,2";
				VALIDATE_PRODUCT = YES;
			};
			name = Release;
		};
		A2887E651EA4723F00E225D7 /* Debug */ = {
			isa = XCBuildConfiguration;
			buildSettings = {
				ASSETCATALOG_COMPILER_APPICON_NAME = AppIcon;
				INFOPLIST_FILE = "image-picker/Info.plist";
				LD_RUNPATH_SEARCH_PATHS = "$(inherited) @executable_path/Frameworks";
				PRODUCT_BUNDLE_IDENTIFIER = "com.aqibshah.image-picker";
				PRODUCT_NAME = "$(TARGET_NAME)";
				SWIFT_VERSION = 3.0;
			};
			name = Debug;
		};
		A2887E661EA4723F00E225D7 /* Release */ = {
			isa = XCBuildConfiguration;
			buildSettings = {
				ASSETCATALOG_COMPILER_APPICON_NAME = AppIcon;
				INFOPLIST_FILE = "image-picker/Info.plist";
				LD_RUNPATH_SEARCH_PATHS = "$(inherited) @executable_path/Frameworks";
				PRODUCT_BUNDLE_IDENTIFIER = "com.aqibshah.image-picker";
				PRODUCT_NAME = "$(TARGET_NAME)";
				SWIFT_VERSION = 3.0;
			};
			name = Release;
		};
/* End XCBuildConfiguration section */

/* Begin XCConfigurationList section */
		A2887E4D1EA4723F00E225D7 /* Build configuration list for PBXProject "image-picker" */ = {
			isa = XCConfigurationList;
			buildConfigurations = (
				A2887E621EA4723F00E225D7 /* Debug */,
				A2887E631EA4723F00E225D7 /* Release */,
			);
			defaultConfigurationIsVisible = 0;
			defaultConfigurationName = Release;
		};
		A2887E641EA4723F00E225D7 /* Build configuration list for PBXNativeTarget "image-picker" */ = {
			isa = XCConfigurationList;
			buildConfigurations = (
				A2887E651EA4723F00E225D7 /* Debug */,
				A2887E661EA4723F00E225D7 /* Release */,
			);
			defaultConfigurationIsVisible = 0;
		};
/* End XCConfigurationList section */
	};
	rootObject = A2887E4A1EA4723F00E225D7 /* Project object */;
}
